{
  "name": "account-book-app",
  "version": "1.0.0",
  "lockfileVersion": 3,
  "requires": true,
  "packages": {
    "": {
      "name": "account-book-app",
      "version": "1.0.0",
      "license": "ISC",
      "dependencies": {
        "@qiun/wx-ucharts": "^2.5.0-20230101"
      }
    },
    "node_modules/@qiun/wx-ucharts": {
      "version": "2.5.0-20230101",
      "resolved": "https://registry.npmjs.org/@qiun/wx-ucharts/-/wx-ucharts-2.5.0-20230101.tgz",
      "integrity": "sha512-sAaNUf4U6r4/0JZMTlfNwrtfT0v8qFO02B/wYsj4yZGTDAQ/QctGgKI7hVUDUSrqZnjH6xWqE+ql0FOIs1fTuQ==",
      "license": "Apache"
    }
  }
}
